# THIS IS AN AUTOGENERATED FILE. DO NOT EDIT THIS FILE DIRECTLY.
# yarn lockfile v1


"@babel/helper-annotate-as-pure@^7.24.6":
  version "7.24.6"
  resolved "https://registry.yarnpkg.com/@babel/helper-annotate-as-pure/-/helper-annotate-as-pure-7.24.6.tgz#517af93abc77924f9b2514c407bbef527fb8938d"
  integrity sha512-DitEzDfOMnd13kZnDqns1ccmftwJTS9DMkyn9pYTxulS7bZxUxpMly3Nf23QQ6NwA4UB8lAqjbqWtyvElEMAkg==
  dependencies:
    "@babel/types" "^7.24.6"

"@babel/helper-module-imports@^7.24.6":
  version "7.24.6"
  resolved "https://registry.yarnpkg.com/@babel/helper-module-imports/-/helper-module-imports-7.24.6.tgz#65e54ffceed6a268dc4ce11f0433b82cfff57852"
  integrity sha512-a26dmxFJBF62rRO9mmpgrfTLsAuyHk4e1hKTUkD/fcMfynt8gvEKwQPQDVxWhca8dHoDck+55DFt42zV0QMw5g==
  dependencies:
    "@babel/types" "^7.24.6"

"@babel/helper-plugin-utils@^7.24.6":
  version "7.24.6"
  resolved "https://registry.yarnpkg.com/@babel/helper-plugin-utils/-/helper-plugin-utils-7.24.6.tgz#fa02a32410a15a6e8f8185bcbf608f10528d2a24"
  integrity sha512-MZG/JcWfxybKwsA9N9PmtF2lOSFSEMVCpIRrbxccZFLJPrJciJdG/UhSh5W96GEteJI2ARqm5UAHxISwRDLSNg==

"@babel/helper-string-parser@^7.24.6":
  version "7.24.6"
  resolved "https://registry.yarnpkg.com/@babel/helper-string-parser/-/helper-string-parser-7.24.6.tgz#28583c28b15f2a3339cfafafeaad42f9a0e828df"
  integrity sha512-WdJjwMEkmBicq5T9fm/cHND3+UlFa2Yj8ALLgmoSQAJZysYbBjw+azChSGPN4DSPLXOcooGRvDwZWMcF/mLO2Q==

"@babel/helper-validator-identifier@^7.24.6":
  version "7.24.6"
  resolved "https://registry.yarnpkg.com/@babel/helper-validator-identifier/-/helper-validator-identifier-7.24.6.tgz#08bb6612b11bdec78f3feed3db196da682454a5e"
  integrity sha512-4yA7s865JHaqUdRbnaxarZREuPTHrjpDT+pXoAZ1yhyo6uFnIEpS8VMu16siFOHDpZNKYv5BObhsB//ycbICyw==

"@babel/plugin-syntax-jsx@^7.24.6":
  version "7.24.6"
  resolved "https://registry.yarnpkg.com/@babel/plugin-syntax-jsx/-/plugin-syntax-jsx-7.24.6.tgz#bcca2964150437f88f65e3679e3d68762287b9c8"
  integrity sha512-lWfvAIFNWMlCsU0DRUun2GpFwZdGTukLaHJqRh1JRb80NdAP5Sb1HDHB5X9P9OtgZHQl089UzQkpYlBq2VTPRw==
  dependencies:
    "@babel/helper-plugin-utils" "^7.24.6"

"@babel/plugin-transform-react-jsx@^7.24.6":
  version "7.24.6"
  resolved "https://registry.yarnpkg.com/@babel/plugin-transform-react-jsx/-/plugin-transform-react-jsx-7.24.6.tgz#4ca3660ca663d20095455571615d6263986cdfe4"
  integrity sha512-pCtPHhpRZHfwdA5G1Gpk5mIzMA99hv0R8S/Ket50Rw+S+8hkt3wBWqdqHaPw0CuUYxdshUgsPiLQ5fAs4ASMhw==
  dependencies:
    "@babel/helper-annotate-as-pure" "^7.24.6"
    "@babel/helper-module-imports" "^7.24.6"
    "@babel/helper-plugin-utils" "^7.24.6"
    "@babel/plugin-syntax-jsx" "^7.24.6"
    "@babel/types" "^7.24.6"

"@babel/types@^7.24.6":
  version "7.24.6"
  resolved "https://registry.yarnpkg.com/@babel/types/-/types-7.24.6.tgz#ba4e1f59870c10dc2fa95a274ac4feec23b21912"
  integrity sha512-WaMsgi6Q8zMgMth93GvWPXkhAIEobfsIkLTacoVZoK1J0CevIPGYY2Vo5YvJGqyHqXM6P4ppOYGsIRU8MM9pFQ==
  dependencies:
    "@babel/helper-string-parser" "^7.24.6"
    "@babel/helper-validator-identifier" "^7.24.6"
    to-fast-properties "^2.0.0"

preact_ujs@^0.1.1:
  version "0.1.1"
  resolved "https://registry.yarnpkg.com/preact_ujs/-/preact_ujs-0.1.1.tgz#2f218c6b4edb9b2021c792df090c8cce30df0b20"
  integrity sha512-NNJuRn2KqCuCaCH2Lg8CCSJPZjzY2XWD/e9j+//91mRQUn8Fl2qZ2vgkjYOHbsAGUrinhRecdx79ml72ks+r6w==

to-fast-properties@^2.0.0:
  version "2.0.0"
  resolved "https://registry.yarnpkg.com/to-fast-properties/-/to-fast-properties-2.0.0.tgz#dc5e698cbd079265bc73e0377681a4e4e83f616e"
  integrity sha512-/OaKK0xYrs3DmxRYqL/yDc+FxFUVYhDlXMhRmv3z915w2HF1tnN1omB354j8VUGO/hbRzyD6Y3sA7v7GS/ceog==
